
Microsoft Visual Studio Solution File, Format Version 12.00
# Visual Studio 2013
VisualStudioVersion = 12.0.31101.0
MinimumVisualStudioVersion = 10.0.40219.1
Project("{FAE04EC0-301F-11D3-BF4B-00C04F79EFBC}") = "KeyboardConcerto", "KeyboardConcerto\KeyboardConcerto.csproj", "{BFDE571E-46DB-47C7-AB21-FE0425720DC1}"
	ProjectSection(ProjectDependencies) = postProject
		{CC8D040D-AC86-4CA1-8AC0-2C04DC22DECB} = {CC8D040D-AC86-4CA1-8AC0-2C04DC22DECB}
	EndProjectSection
EndProject
Project("{8BC9CEB8-8B4A-11D0-8D11-00A0C91BC942}") = "Interceptor", "Interceptor\Interceptor.vcxproj", "{CC8D040D-AC86-4CA1-8AC0-2C04DC22DECB}"
EndProject
Global
	GlobalSection(SolutionConfigurationPlatforms) = preSolution
		Debug|Any CPU = Debug|Any CPU
		Debug|Mixed Platforms = Debug|Mixed Platforms
		Debug|Win32 = Debug|Win32
		Debug|x64 = Debug|x64
		Debug|x86 = Debug|x86
		Documentation|Any CPU = Documentation|Any CPU
		Documentation|Mixed Platforms = Documentation|Mixed Platforms
		Documentation|Win32 = Documentation|Win32
		Documentation|x64 = Documentation|x64
		Documentation|x86 = Documentation|x86
		Release|Any CPU = Release|Any CPU
		Release|Mixed Platforms = Release|Mixed Platforms
		Release|Win32 = Release|Win32
		Release|x64 = Release|x64
		Release|x86 = Release|x86
	EndGlobalSection
	GlobalSection(ProjectConfigurationPlatforms) = postSolution
		{BFDE571E-46DB-47C7-AB21-FE0425720DC1}.Debug|Any CPU.ActiveCfg = Debug|Any CPU
		{BFDE571E-46DB-47C7-AB21-FE0425720DC1}.Debug|Any CPU.Build.0 = Debug|Any CPU
		{BFDE571E-46DB-47C7-AB21-FE0425720DC1}.Debug|Mixed Platforms.ActiveCfg = Debug|Any CPU
		{BFDE571E-46DB-47C7-AB21-FE0425720DC1}.Debug|Mixed Platforms.Build.0 = Debug|Any CPU
		{BFDE571E-46DB-47C7-AB21-FE0425720DC1}.Debug|Win32.ActiveCfg = Debug|Any CPU
		{BFDE571E-46DB-47C7-AB21-FE0425720DC1}.Debug|x64.ActiveCfg = Debug|x64
		{BFDE571E-46DB-47C7-AB21-FE0425720DC1}.Debug|x64.Build.0 = Debug|x64
		{BFDE571E-46DB-47C7-AB21-FE0425720DC1}.Debug|x86.ActiveCfg = Debug|Any CPU
		{BFDE571E-46DB-47C7-AB21-FE0425720DC1}.Documentation|Any CPU.ActiveCfg = Debug|Any CPU
		{BFDE571E-46DB-47C7-AB21-FE0425720DC1}.Documentation|Any CPU.Build.0 = Debug|Any CPU
		{BFDE571E-46DB-47C7-AB21-FE0425720DC1}.Documentation|Mixed Platforms.ActiveCfg = Debug|Any CPU
		{BFDE571E-46DB-47C7-AB21-FE0425720DC1}.Documentation|Mixed Platforms.Build.0 = Debug|Any CPU
		{BFDE571E-46DB-47C7-AB21-FE0425720DC1}.Documentation|Win32.ActiveCfg = Debug|Any CPU
		{BFDE571E-46DB-47C7-AB21-FE0425720DC1}.Documentation|x64.ActiveCfg = Debug|Any CPU
		{BFDE571E-46DB-47C7-AB21-FE0425720DC1}.Documentation|x86.ActiveCfg = Debug|Any CPU
		{BFDE571E-46DB-47C7-AB21-FE0425720DC1}.Release|Any CPU.ActiveCfg = Release|Any CPU
		{BFDE571E-46DB-47C7-AB21-FE0425720DC1}.Release|Any CPU.Build.0 = Release|Any CPU
		{BFDE571E-46DB-47C7-AB21-FE0425720DC1}.Release|Mixed Platforms.ActiveCfg = Release|Any CPU
		{BFDE571E-46DB-47C7-AB21-FE0425720DC1}.Release|Mixed Platforms.Build.0 = Release|Any CPU
		{BFDE571E-46DB-47C7-AB21-FE0425720DC1}.Release|Win32.ActiveCfg = Release|Any CPU
		{BFDE571E-46DB-47C7-AB21-FE0425720DC1}.Release|x64.ActiveCfg = Release|x64
		{BFDE571E-46DB-47C7-AB21-FE0425720DC1}.Release|x64.Build.0 = Release|x64
		{BFDE571E-46DB-47C7-AB21-FE0425720DC1}.Release|x86.ActiveCfg = Release|Any CPU
		{CC8D040D-AC86-4CA1-8AC0-2C04DC22DECB}.Debug|Any CPU.ActiveCfg = Debug|Win32
		{CC8D040D-AC86-4CA1-8AC0-2C04DC22DECB}.Debug|Mixed Platforms.ActiveCfg = Debug|Win32
		{CC8D040D-AC86-4CA1-8AC0-2C04DC22DECB}.Debug|Mixed Platforms.Build.0 = Debug|Win32
		{CC8D040D-AC86-4CA1-8AC0-2C04DC22DECB}.Debug|Win32.ActiveCfg = Debug|Win32
		{CC8D040D-AC86-4CA1-8AC0-2C04DC22DECB}.Debug|Win32.Build.0 = Debug|Win32
		{CC8D040D-AC86-4CA1-8AC0-2C04DC22DECB}.Debug|x64.ActiveCfg = Debug|x64
		{CC8D040D-AC86-4CA1-8AC0-2C04DC22DECB}.Debug|x64.Build.0 = Debug|x64
		{CC8D040D-AC86-4CA1-8AC0-2C04DC22DECB}.Debug|x86.ActiveCfg = Debug|Win32
		{CC8D040D-AC86-4CA1-8AC0-2C04DC22DECB}.Debug|x86.Build.0 = Debug|Win32
		{CC8D040D-AC86-4CA1-8AC0-2C04DC22DECB}.Documentation|Any CPU.ActiveCfg = Debug|Win32
		{CC8D040D-AC86-4CA1-8AC0-2C04DC22DECB}.Documentation|Mixed Platforms.ActiveCfg = Debug|Win32
		{CC8D040D-AC86-4CA1-8AC0-2C04DC22DECB}.Documentation|Mixed Platforms.Build.0 = Debug|Win32
		{CC8D040D-AC86-4CA1-8AC0-2C04DC22DECB}.Documentation|Win32.ActiveCfg = Debug|Win32
		{CC8D040D-AC86-4CA1-8AC0-2C04DC22DECB}.Documentation|Win32.Build.0 = Debug|Win32
		{CC8D040D-AC86-4CA1-8AC0-2C04DC22DECB}.Documentation|x64.ActiveCfg = Debug|x64
		{CC8D040D-AC86-4CA1-8AC0-2C04DC22DECB}.Documentation|x64.Build.0 = Debug|x64
		{CC8D040D-AC86-4CA1-8AC0-2C04DC22DECB}.Documentation|x86.ActiveCfg = Debug|Win32
		{CC8D040D-AC86-4CA1-8AC0-2C04DC22DECB}.Documentation|x86.Build.0 = Debug|Win32
		{CC8D040D-AC86-4CA1-8AC0-2C04DC22DECB}.Release|Any CPU.ActiveCfg = Release|Win32
		{CC8D040D-AC86-4CA1-8AC0-2C04DC22DECB}.Release|Mixed Platforms.ActiveCfg = Release|Win32
		{CC8D040D-AC86-4CA1-8AC0-2C04DC22DECB}.Release|Mixed Platforms.Build.0 = Release|Win32
		{CC8D040D-AC86-4CA1-8AC0-2C04DC22DECB}.Release|Win32.ActiveCfg = Release|Win32
		{CC8D040D-AC86-4CA1-8AC0-2C04DC22DECB}.Release|Win32.Build.0 = Release|Win32
		{CC8D040D-AC86-4CA1-8AC0-2C04DC22DECB}.Release|x64.ActiveCfg = Release|x64
		{CC8D040D-AC86-4CA1-8AC0-2C04DC22DECB}.Release|x64.Build.0 = Release|x64
		{CC8D040D-AC86-4CA1-8AC0-2C04DC22DECB}.Release|x86.ActiveCfg = Release|Win32
		{CC8D040D-AC86-4CA1-8AC0-2C04DC22DECB}.Release|x86.Build.0 = Release|Win32
	EndGlobalSection
	GlobalSection(SolutionProperties) = preSolution
		HideSolutionNode = FALSE
	EndGlobalSection
EndGlobal
